
Microsoft Visual Studio Solution File, Format Version 12.00
# Visual Studio 2013
VisualStudioVersion = 12.0.31101.0
MinimumVisualStudioVersion = 10.0.40219.1
Project("{FAE04EC0-301F-11D3-BF4B-00C04F79EFBC}") = "Forms.Controls.Mobile", "Forms.Controls\Forms.Controls\Forms.Controls.Mobile.csproj", "{FEC31F55-EB07-4FA4-B4CB-3A75093D01BC}"
EndProject
Project("{FAE04EC0-301F-11D3-BF4B-00C04F79EFBC}") = "Forms.Controls.iOS", "Forms.Controls\Forms.Controls.iOS\Forms.Controls.iOS.csproj", "{AD253FA0-63BF-477A-B970-CA62CA5B0DBF}"
EndProject
Project("{FAE04EC0-301F-11D3-BF4B-00C04F79EFBC}") = "Forms.Controls.Droid", "Forms.Controls\Forms.Controls.Droid\Forms.Controls.Droid.csproj", "{E00440D9-1AEA-497E-AD72-DAC893B3F3A5}"
EndProject
Project("{FAE04EC0-301F-11D3-BF4B-00C04F79EFBC}") = "Forms.Controls.WinPhone", "Forms.Controls\Forms.Controls.WinPhone\Forms.Controls.WinPhone.csproj", "{E70E77CF-D4D5-45A3-BA7B-5E3A19DEF320}"
EndProject
Global
	GlobalSection(SolutionConfigurationPlatforms) = preSolution
		Ad-Hoc|Any CPU = Ad-Hoc|Any CPU
		Ad-Hoc|ARM = Ad-Hoc|ARM
		Ad-Hoc|iPhone = Ad-Hoc|iPhone
		Ad-Hoc|iPhoneSimulator = Ad-Hoc|iPhoneSimulator
		Ad-Hoc|Mixed Platforms = Ad-Hoc|Mixed Platforms
		Ad-Hoc|x86 = Ad-Hoc|x86
		AppStore|Any CPU = AppStore|Any CPU
		AppStore|ARM = AppStore|ARM
		AppStore|iPhone = AppStore|iPhone
		AppStore|iPhoneSimulator = AppStore|iPhoneSimulator
		AppStore|Mixed Platforms = AppStore|Mixed Platforms
		AppStore|x86 = AppStore|x86
		Debug|Any CPU = Debug|Any CPU
		Debug|ARM = Debug|ARM
		Debug|iPhone = Debug|iPhone
		Debug|iPhoneSimulator = Debug|iPhoneSimulator
		Debug|Mixed Platforms = Debug|Mixed Platforms
		Debug|x86 = Debug|x86
		Release|Any CPU = Release|Any CPU
		Release|ARM = Release|ARM
		Release|iPhone = Release|iPhone
		Release|iPhoneSimulator = Release|iPhoneSimulator
		Release|Mixed Platforms = Release|Mixed Platforms
		Release|x86 = Release|x86
	EndGlobalSection
	GlobalSection(ProjectConfigurationPlatforms) = postSolution
		{FEC31F55-EB07-4FA4-B4CB-3A75093D01BC}.Ad-Hoc|Any CPU.ActiveCfg = Release|Any CPU
		{FEC31F55-EB07-4FA4-B4CB-3A75093D01BC}.Ad-Hoc|Any CPU.Build.0 = Release|Any CPU
		{FEC31F55-EB07-4FA4-B4CB-3A75093D01BC}.Ad-Hoc|ARM.ActiveCfg = Release|Any CPU
		{FEC31F55-EB07-4FA4-B4CB-3A75093D01BC}.Ad-Hoc|iPhone.ActiveCfg = Release|Any CPU
		{FEC31F55-EB07-4FA4-B4CB-3A75093D01BC}.Ad-Hoc|iPhoneSimulator.ActiveCfg = Release|Any CPU
		{FEC31F55-EB07-4FA4-B4CB-3A75093D01BC}.Ad-Hoc|Mixed Platforms.ActiveCfg = Release|Any CPU
		{FEC31F55-EB07-4FA4-B4CB-3A75093D01BC}.Ad-Hoc|Mixed Platforms.Build.0 = Release|Any CPU
		{FEC31F55-EB07-4FA4-B4CB-3A75093D01BC}.Ad-Hoc|x86.ActiveCfg = Release|Any CPU
		{FEC31F55-EB07-4FA4-B4CB-3A75093D01BC}.AppStore|Any CPU.ActiveCfg = Release|Any CPU
		{FEC31F55-EB07-4FA4-B4CB-3A75093D01BC}.AppStore|Any CPU.Build.0 = Release|Any CPU
		{FEC31F55-EB07-4FA4-B4CB-3A75093D01BC}.AppStore|ARM.ActiveCfg = Release|Any CPU
		{FEC31F55-EB07-4FA4-B4CB-3A75093D01BC}.AppStore|iPhone.ActiveCfg = Release|Any CPU
		{FEC31F55-EB07-4FA4-B4CB-3A75093D01BC}.AppStore|iPhoneSimulator.ActiveCfg = Release|Any CPU
		{FEC31F55-EB07-4FA4-B4CB-3A75093D01BC}.AppStore|Mixed Platforms.ActiveCfg = Release|Any CPU
		{FEC31F55-EB07-4FA4-B4CB-3A75093D01BC}.AppStore|Mixed Platforms.Build.0 = Release|Any CPU
		{FEC31F55-EB07-4FA4-B4CB-3A75093D01BC}.AppStore|x86.ActiveCfg = Release|Any CPU
		{FEC31F55-EB07-4FA4-B4CB-3A75093D01BC}.Debug|Any CPU.ActiveCfg = Debug|Any CPU
		{FEC31F55-EB07-4FA4-B4CB-3A75093D01BC}.Debug|Any CPU.Build.0 = Debug|Any CPU
		{FEC31F55-EB07-4FA4-B4CB-3A75093D01BC}.Debug|ARM.ActiveCfg = Debug|Any CPU
		{FEC31F55-EB07-4FA4-B4CB-3A75093D01BC}.Debug|iPhone.ActiveCfg = Debug|Any CPU
		{FEC31F55-EB07-4FA4-B4CB-3A75093D01BC}.Debug|iPhoneSimulator.ActiveCfg = Debug|Any CPU
		{FEC31F55-EB07-4FA4-B4CB-3A75093D01BC}.Debug|Mixed Platforms.ActiveCfg = Debug|Any CPU
		{FEC31F55-EB07-4FA4-B4CB-3A75093D01BC}.Debug|Mixed Platforms.Build.0 = Debug|Any CPU
		{FEC31F55-EB07-4FA4-B4CB-3A75093D01BC}.Debug|x86.ActiveCfg = Debug|Any CPU
		{FEC31F55-EB07-4FA4-B4CB-3A75093D01BC}.Release|Any CPU.ActiveCfg = Release|Any CPU
		{FEC31F55-EB07-4FA4-B4CB-3A75093D01BC}.Release|Any CPU.Build.0 = Release|Any CPU
		{FEC31F55-EB07-4FA4-B4CB-3A75093D01BC}.Release|ARM.ActiveCfg = Release|Any CPU
		{FEC31F55-EB07-4FA4-B4CB-3A75093D01BC}.Release|iPhone.ActiveCfg = Release|Any CPU
		{FEC31F55-EB07-4FA4-B4CB-3A75093D01BC}.Release|iPhoneSimulator.ActiveCfg = Release|Any CPU
		{FEC31F55-EB07-4FA4-B4CB-3A75093D01BC}.Release|Mixed Platforms.ActiveCfg = Release|Any CPU
		{FEC31F55-EB07-4FA4-B4CB-3A75093D01BC}.Release|Mixed Platforms.Build.0 = Release|Any CPU
		{FEC31F55-EB07-4FA4-B4CB-3A75093D01BC}.Release|x86.ActiveCfg = Release|Any CPU
		{AD253FA0-63BF-477A-B970-CA62CA5B0DBF}.Ad-Hoc|Any CPU.ActiveCfg = Ad-Hoc|iPhone
		{AD253FA0-63BF-477A-B970-CA62CA5B0DBF}.Ad-Hoc|ARM.ActiveCfg = Ad-Hoc|iPhone
		{AD253FA0-63BF-477A-B970-CA62CA5B0DBF}.Ad-Hoc|iPhone.ActiveCfg = Ad-Hoc|iPhone
		{AD253FA0-63BF-477A-B970-CA62CA5B0DBF}.Ad-Hoc|iPhone.Build.0 = Ad-Hoc|iPhone
		{AD253FA0-63BF-477A-B970-CA62CA5B0DBF}.Ad-Hoc|iPhoneSimulator.ActiveCfg = Ad-Hoc|iPhoneSimulator
		{AD253FA0-63BF-477A-B970-CA62CA5B0DBF}.Ad-Hoc|iPhoneSimulator.Build.0 = Ad-Hoc|iPhoneSimulator
		{AD253FA0-63BF-477A-B970-CA62CA5B0DBF}.Ad-Hoc|Mixed Platforms.ActiveCfg = Ad-Hoc|iPhone
		{AD253FA0-63BF-477A-B970-CA62CA5B0DBF}.Ad-Hoc|Mixed Platforms.Build.0 = Ad-Hoc|iPhone
		{AD253FA0-63BF-477A-B970-CA62CA5B0DBF}.Ad-Hoc|x86.ActiveCfg = Ad-Hoc|iPhone
		{AD253FA0-63BF-477A-B970-CA62CA5B0DBF}.AppStore|Any CPU.ActiveCfg = AppStore|iPhone
		{AD253FA0-63BF-477A-B970-CA62CA5B0DBF}.AppStore|ARM.ActiveCfg = AppStore|iPhone
		{AD253FA0-63BF-477A-B970-CA62CA5B0DBF}.AppStore|iPhone.ActiveCfg = AppStore|iPhone
		{AD253FA0-63BF-477A-B970-CA62CA5B0DBF}.AppStore|iPhone.Build.0 = AppStore|iPhone
		{AD253FA0-63BF-477A-B970-CA62CA5B0DBF}.AppStore|iPhoneSimulator.ActiveCfg = AppStore|iPhoneSimulator
		{AD253FA0-63BF-477A-B970-CA62CA5B0DBF}.AppStore|iPhoneSimulator.Build.0 = AppStore|iPhoneSimulator
		{AD253FA0-63BF-477A-B970-CA62CA5B0DBF}.AppStore|Mixed Platforms.ActiveCfg = AppStore|iPhone
		{AD253FA0-63BF-477A-B970-CA62CA5B0DBF}.AppStore|Mixed Platforms.Build.0 = AppStore|iPhone
		{AD253FA0-63BF-477A-B970-CA62CA5B0DBF}.AppStore|x86.ActiveCfg = AppStore|iPhone
		{AD253FA0-63BF-477A-B970-CA62CA5B0DBF}.Debug|Any CPU.ActiveCfg = Debug|iPhone
		{AD253FA0-63BF-477A-B970-CA62CA5B0DBF}.Debug|ARM.ActiveCfg = Debug|iPhone
		{AD253FA0-63BF-477A-B970-CA62CA5B0DBF}.Debug|iPhone.ActiveCfg = Debug|iPhone
		{AD253FA0-63BF-477A-B970-CA62CA5B0DBF}.Debug|iPhone.Build.0 = Debug|iPhone
		{AD253FA0-63BF-477A-B970-CA62CA5B0DBF}.Debug|iPhoneSimulator.ActiveCfg = Debug|iPhoneSimulator
		{AD253FA0-63BF-477A-B970-CA62CA5B0DBF}.Debug|iPhoneSimulator.Build.0 = Debug|iPhoneSimulator
		{AD253FA0-63BF-477A-B970-CA62CA5B0DBF}.Debug|Mixed Platforms.ActiveCfg = Debug|iPhone
		{AD253FA0-63BF-477A-B970-CA62CA5B0DBF}.Debug|Mixed Platforms.Build.0 = Debug|iPhone
		{AD253FA0-63BF-477A-B970-CA62CA5B0DBF}.Debug|x86.ActiveCfg = Debug|iPhone
		{AD253FA0-63BF-477A-B970-CA62CA5B0DBF}.Release|Any CPU.ActiveCfg = Release|iPhone
		{AD253FA0-63BF-477A-B970-CA62CA5B0DBF}.Release|ARM.ActiveCfg = Release|iPhone
		{AD253FA0-63BF-477A-B970-CA62CA5B0DBF}.Release|iPhone.ActiveCfg = Release|iPhone
		{AD253FA0-63BF-477A-B970-CA62CA5B0DBF}.Release|iPhone.Build.0 = Release|iPhone
		{AD253FA0-63BF-477A-B970-CA62CA5B0DBF}.Release|iPhoneSimulator.ActiveCfg = Release|iPhoneSimulator
		{AD253FA0-63BF-477A-B970-CA62CA5B0DBF}.Release|iPhoneSimulator.Build.0 = Release|iPhoneSimulator
		{AD253FA0-63BF-477A-B970-CA62CA5B0DBF}.Release|Mixed Platforms.ActiveCfg = Release|iPhone
		{AD253FA0-63BF-477A-B970-CA62CA5B0DBF}.Release|Mixed Platforms.Build.0 = Release|iPhone
		{AD253FA0-63BF-477A-B970-CA62CA5B0DBF}.Release|x86.ActiveCfg = Release|iPhone
		{E00440D9-1AEA-497E-AD72-DAC893B3F3A5}.Ad-Hoc|Any CPU.ActiveCfg = Release|Any CPU
		{E00440D9-1AEA-497E-AD72-DAC893B3F3A5}.Ad-Hoc|Any CPU.Build.0 = Release|Any CPU
		{E00440D9-1AEA-497E-AD72-DAC893B3F3A5}.Ad-Hoc|Any CPU.Deploy.0 = Release|Any CPU
		{E00440D9-1AEA-497E-AD72-DAC893B3F3A5}.Ad-Hoc|ARM.ActiveCfg = Release|Any CPU
		{E00440D9-1AEA-497E-AD72-DAC893B3F3A5}.Ad-Hoc|iPhone.ActiveCfg = Release|Any CPU
		{E00440D9-1AEA-497E-AD72-DAC893B3F3A5}.Ad-Hoc|iPhoneSimulator.ActiveCfg = Release|Any CPU
		{E00440D9-1AEA-497E-AD72-DAC893B3F3A5}.Ad-Hoc|Mixed Platforms.ActiveCfg = Release|Any CPU
		{E00440D9-1AEA-497E-AD72-DAC893B3F3A5}.Ad-Hoc|Mixed Platforms.Build.0 = Release|Any CPU
		{E00440D9-1AEA-497E-AD72-DAC893B3F3A5}.Ad-Hoc|Mixed Platforms.Deploy.0 = Release|Any CPU
		{E00440D9-1AEA-497E-AD72-DAC893B3F3A5}.Ad-Hoc|x86.ActiveCfg = Release|Any CPU
		{E00440D9-1AEA-497E-AD72-DAC893B3F3A5}.AppStore|Any CPU.ActiveCfg = Release|Any CPU
		{E00440D9-1AEA-497E-AD72-DAC893B3F3A5}.AppStore|Any CPU.Build.0 = Release|Any CPU
		{E00440D9-1AEA-497E-AD72-DAC893B3F3A5}.AppStore|Any CPU.Deploy.0 = Release|Any CPU
		{E00440D9-1AEA-497E-AD72-DAC893B3F3A5}.AppStore|ARM.ActiveCfg = Release|Any CPU
		{E00440D9-1AEA-497E-AD72-DAC893B3F3A5}.AppStore|iPhone.ActiveCfg = Release|Any CPU
		{E00440D9-1AEA-497E-AD72-DAC893B3F3A5}.AppStore|iPhoneSimulator.ActiveCfg = Release|Any CPU
		{E00440D9-1AEA-497E-AD72-DAC893B3F3A5}.AppStore|Mixed Platforms.ActiveCfg = Release|Any CPU
		{E00440D9-1AEA-497E-AD72-DAC893B3F3A5}.AppStore|Mixed Platforms.Build.0 = Release|Any CPU
		{E00440D9-1AEA-497E-AD72-DAC893B3F3A5}.AppStore|Mixed Platforms.Deploy.0 = Release|Any CPU
		{E00440D9-1AEA-497E-AD72-DAC893B3F3A5}.AppStore|x86.ActiveCfg = Release|Any CPU
		{E00440D9-1AEA-497E-AD72-DAC893B3F3A5}.Debug|Any CPU.ActiveCfg = Debug|Any CPU
		{E00440D9-1AEA-497E-AD72-DAC893B3F3A5}.Debug|Any CPU.Build.0 = Debug|Any CPU
		{E00440D9-1AEA-497E-AD72-DAC893B3F3A5}.Debug|Any CPU.Deploy.0 = Debug|Any CPU
		{E00440D9-1AEA-497E-AD72-DAC893B3F3A5}.Debug|ARM.ActiveCfg = Debug|Any CPU
		{E00440D9-1AEA-497E-AD72-DAC893B3F3A5}.Debug|iPhone.ActiveCfg = Debug|Any CPU
		{E00440D9-1AEA-497E-AD72-DAC893B3F3A5}.Debug|iPhoneSimulator.ActiveCfg = Debug|Any CPU
		{E00440D9-1AEA-497E-AD72-DAC893B3F3A5}.Debug|Mixed Platforms.ActiveCfg = Debug|Any CPU
		{E00440D9-1AEA-497E-AD72-DAC893B3F3A5}.Debug|Mixed Platforms.Build.0 = Debug|Any CPU
		{E00440D9-1AEA-497E-AD72-DAC893B3F3A5}.Debug|Mixed Platforms.Deploy.0 = Debug|Any CPU
		{E00440D9-1AEA-497E-AD72-DAC893B3F3A5}.Debug|x86.ActiveCfg = Debug|Any CPU
		{E00440D9-1AEA-497E-AD72-DAC893B3F3A5}.Release|Any CPU.ActiveCfg = Release|Any CPU
		{E00440D9-1AEA-497E-AD72-DAC893B3F3A5}.Release|Any CPU.Build.0 = Release|Any CPU
		{E00440D9-1AEA-497E-AD72-DAC893B3F3A5}.Release|Any CPU.Deploy.0 = Release|Any CPU
		{E00440D9-1AEA-497E-AD72-DAC893B3F3A5}.Release|ARM.ActiveCfg = Release|Any CPU
		{E00440D9-1AEA-497E-AD72-DAC893B3F3A5}.Release|iPhone.ActiveCfg = Release|Any CPU
		{E00440D9-1AEA-497E-AD72-DAC893B3F3A5}.Release|iPhoneSimulator.ActiveCfg = Release|Any CPU
		{E00440D9-1AEA-497E-AD72-DAC893B3F3A5}.Release|Mixed Platforms.ActiveCfg = Release|Any CPU
		{E00440D9-1AEA-497E-AD72-DAC893B3F3A5}.Release|Mixed Platforms.Build.0 = Release|Any CPU
		{E00440D9-1AEA-497E-AD72-DAC893B3F3A5}.Release|Mixed Platforms.Deploy.0 = Release|Any CPU
		{E00440D9-1AEA-497E-AD72-DAC893B3F3A5}.Release|x86.ActiveCfg = Release|Any CPU
		{E70E77CF-D4D5-45A3-BA7B-5E3A19DEF320}.Ad-Hoc|Any CPU.ActiveCfg = Release|Any CPU
		{E70E77CF-D4D5-45A3-BA7B-5E3A19DEF320}.Ad-Hoc|Any CPU.Build.0 = Release|Any CPU
		{E70E77CF-D4D5-45A3-BA7B-5E3A19DEF320}.Ad-Hoc|Any CPU.Deploy.0 = Release|Any CPU
		{E70E77CF-D4D5-45A3-BA7B-5E3A19DEF320}.Ad-Hoc|ARM.ActiveCfg = Release|ARM
		{E70E77CF-D4D5-45A3-BA7B-5E3A19DEF320}.Ad-Hoc|ARM.Build.0 = Release|ARM
		{E70E77CF-D4D5-45A3-BA7B-5E3A19DEF320}.Ad-Hoc|ARM.Deploy.0 = Release|ARM
		{E70E77CF-D4D5-45A3-BA7B-5E3A19DEF320}.Ad-Hoc|iPhone.ActiveCfg = Release|Any CPU
		{E70E77CF-D4D5-45A3-BA7B-5E3A19DEF320}.Ad-Hoc|iPhoneSimulator.ActiveCfg = Release|Any CPU
		{E70E77CF-D4D5-45A3-BA7B-5E3A19DEF320}.Ad-Hoc|Mixed Platforms.ActiveCfg = Release|x86
		{E70E77CF-D4D5-45A3-BA7B-5E3A19DEF320}.Ad-Hoc|Mixed Platforms.Build.0 = Release|x86
		{E70E77CF-D4D5-45A3-BA7B-5E3A19DEF320}.Ad-Hoc|Mixed Platforms.Deploy.0 = Release|x86
		{E70E77CF-D4D5-45A3-BA7B-5E3A19DEF320}.Ad-Hoc|x86.ActiveCfg = Release|x86
		{E70E77CF-D4D5-45A3-BA7B-5E3A19DEF320}.Ad-Hoc|x86.Build.0 = Release|x86
		{E70E77CF-D4D5-45A3-BA7B-5E3A19DEF320}.Ad-Hoc|x86.Deploy.0 = Release|x86
		{E70E77CF-D4D5-45A3-BA7B-5E3A19DEF320}.AppStore|Any CPU.ActiveCfg = Release|Any CPU
		{E70E77CF-D4D5-45A3-BA7B-5E3A19DEF320}.AppStore|Any CPU.Build.0 = Release|Any CPU
		{E70E77CF-D4D5-45A3-BA7B-5E3A19DEF320}.AppStore|Any CPU.Deploy.0 = Release|Any CPU
		{E70E77CF-D4D5-45A3-BA7B-5E3A19DEF320}.AppStore|ARM.ActiveCfg = Release|ARM
		{E70E77CF-D4D5-45A3-BA7B-5E3A19DEF320}.AppStore|ARM.Build.0 = Release|ARM
		{E70E77CF-D4D5-45A3-BA7B-5E3A19DEF320}.AppStore|ARM.Deploy.0 = Release|ARM
		{E70E77CF-D4D5-45A3-BA7B-5E3A19DEF320}.AppStore|iPhone.ActiveCfg = Release|Any CPU
		{E70E77CF-D4D5-45A3-BA7B-5E3A19DEF320}.AppStore|iPhoneSimulator.ActiveCfg = Release|Any CPU
		{E70E77CF-D4D5-45A3-BA7B-5E3A19DEF320}.AppStore|Mixed Platforms.ActiveCfg = Release|x86
		{E70E77CF-D4D5-45A3-BA7B-5E3A19DEF320}.AppStore|Mixed Platforms.Build.0 = Release|x86
		{E70E77CF-D4D5-45A3-BA7B-5E3A19DEF320}.AppStore|Mixed Platforms.Deploy.0 = Release|x86
		{E70E77CF-D4D5-45A3-BA7B-5E3A19DEF320}.AppStore|x86.ActiveCfg = Release|x86
		{E70E77CF-D4D5-45A3-BA7B-5E3A19DEF320}.AppStore|x86.Build.0 = Release|x86
		{E70E77CF-D4D5-45A3-BA7B-5E3A19DEF320}.AppStore|x86.Deploy.0 = Release|x86
		{E70E77CF-D4D5-45A3-BA7B-5E3A19DEF320}.Debug|Any CPU.ActiveCfg = Debug|Any CPU
		{E70E77CF-D4D5-45A3-BA7B-5E3A19DEF320}.Debug|Any CPU.Build.0 = Debug|Any CPU
		{E70E77CF-D4D5-45A3-BA7B-5E3A19DEF320}.Debug|Any CPU.Deploy.0 = Debug|Any CPU
		{E70E77CF-D4D5-45A3-BA7B-5E3A19DEF320}.Debug|ARM.ActiveCfg = Debug|ARM
		{E70E77CF-D4D5-45A3-BA7B-5E3A19DEF320}.Debug|ARM.Build.0 = Debug|ARM
		{E70E77CF-D4D5-45A3-BA7B-5E3A19DEF320}.Debug|ARM.Deploy.0 = Debug|ARM
		{E70E77CF-D4D5-45A3-BA7B-5E3A19DEF320}.Debug|iPhone.ActiveCfg = Debug|Any CPU
		{E70E77CF-D4D5-45A3-BA7B-5E3A19DEF320}.Debug|iPhoneSimulator.ActiveCfg = Debug|Any CPU
		{E70E77CF-D4D5-45A3-BA7B-5E3A19DEF320}.Debug|Mixed Platforms.ActiveCfg = Debug|x86
		{E70E77CF-D4D5-45A3-BA7B-5E3A19DEF320}.Debug|Mixed Platforms.Build.0 = Debug|x86
		{E70E77CF-D4D5-45A3-BA7B-5E3A19DEF320}.Debug|Mixed Platforms.Deploy.0 = Debug|x86
		{E70E77CF-D4D5-45A3-BA7B-5E3A19DEF320}.Debug|x86.ActiveCfg = Debug|x86
		{E70E77CF-D4D5-45A3-BA7B-5E3A19DEF320}.Debug|x86.Build.0 = Debug|x86
		{E70E77CF-D4D5-45A3-BA7B-5E3A19DEF320}.Debug|x86.Deploy.0 = Debug|x86
		{E70E77CF-D4D5-45A3-BA7B-5E3A19DEF320}.Release|Any CPU.ActiveCfg = Release|Any CPU
		{E70E77CF-D4D5-45A3-BA7B-5E3A19DEF320}.Release|Any CPU.Build.0 = Release|Any CPU
		{E70E77CF-D4D5-45A3-BA7B-5E3A19DEF320}.Release|Any CPU.Deploy.0 = Release|Any CPU
		{E70E77CF-D4D5-45A3-BA7B-5E3A19DEF320}.Release|ARM.ActiveCfg = Release|ARM
		{E70E77CF-D4D5-45A3-BA7B-5E3A19DEF320}.Release|ARM.Build.0 = Release|ARM
		{E70E77CF-D4D5-45A3-BA7B-5E3A19DEF320}.Release|ARM.Deploy.0 = Release|ARM
		{E70E77CF-D4D5-45A3-BA7B-5E3A19DEF320}.Release|iPhone.ActiveCfg = Release|Any CPU
		{E70E77CF-D4D5-45A3-BA7B-5E3A19DEF320}.Release|iPhoneSimulator.ActiveCfg = Release|Any CPU
		{E70E77CF-D4D5-45A3-BA7B-5E3A19DEF320}.Release|Mixed Platforms.ActiveCfg = Release|x86
		{E70E77CF-D4D5-45A3-BA7B-5E3A19DEF320}.Release|Mixed Platforms.Build.0 = Release|x86
		{E70E77CF-D4D5-45A3-BA7B-5E3A19DEF320}.Release|Mixed Platforms.Deploy.0 = Release|x86
		{E70E77CF-D4D5-45A3-BA7B-5E3A19DEF320}.Release|x86.ActiveCfg = Release|x86
		{E70E77CF-D4D5-45A3-BA7B-5E3A19DEF320}.Release|x86.Build.0 = Release|x86
		{E70E77CF-D4D5-45A3-BA7B-5E3A19DEF320}.Release|x86.Deploy.0 = Release|x86
	EndGlobalSection
	GlobalSection(SolutionProperties) = preSolution
		HideSolutionNode = FALSE
	EndGlobalSection
EndGlobal
